
Microsoft Visual Studio Solution File, Format Version 12.00
# Visual Studio Version 17
VisualStudioVersion = 17.6.33829.357
MinimumVisualStudioVersion = 10.0.40219.1
Project("{FAE04EC0-301F-11D3-BF4B-00C04F79EFBC}") = "GigHub", "GigHub\GigHub.csproj", "{C889C989-A987-440C-B5AA-F4F5541C9159}"
EndProject
Global
	GlobalSection(SolutionConfigurationPlatforms) = preSolution
		Debug|Any CPU = Debug|Any CPU
		Release|Any CPU = Release|Any CPU
	EndGlobalSection
	GlobalSection(ProjectConfigurationPlatforms) = postSolution
		{C889C989-A987-440C-B5AA-F4F5541C9159}.Debug|Any CPU.ActiveCfg = Debug|Any CPU
		{C889C989-A987-440C-B5AA-F4F5541C9159}.Debug|Any CPU.Build.0 = Debug|Any CPU
		{C889C989-A987-440C-B5AA-F4F5541C9159}.Release|Any CPU.ActiveCfg = Release|Any CPU
		{C889C989-A987-440C-B5AA-F4F5541C9159}.Release|Any CPU.Build.0 = Release|Any CPU
	EndGlobalSection
	GlobalSection(SolutionProperties) = preSolution
		HideSolutionNode = FALSE
	EndGlobalSection
	GlobalSection(ExtensibilityGlobals) = postSolution
		SolutionGuid = {91B24926-01FE-4C22-A924-3F25FD1F3049}
	EndGlobalSection
EndGlobal
